
Microsoft Visual Studio Solution File, Format Version 12.00
# Visual Studio Version 16
VisualStudioVersion = 16.0.30517.126
MinimumVisualStudioVersion = 10.0.40219.1
Project("{FAE04EC0-301F-11D3-BF4B-00C04F79EFBC}") = "dotnet_core", "dotnet_core\dotnet_core.csproj", "{0CAC5A1B-D185-4B0C-9C8C-EB80FF8CCC97}"
EndProject
Global
	GlobalSection(SolutionConfigurationPlatforms) = preSolution
		Debug|Any CPU = Debug|Any CPU
		Release|Any CPU = Release|Any CPU
	EndGlobalSection
	GlobalSection(ProjectConfigurationPlatforms) = postSolution
		{0CAC5A1B-D185-4B0C-9C8C-EB80FF8CCC97}.Debug|Any CPU.ActiveCfg = Debug|Any CPU
		{0CAC5A1B-D185-4B0C-9C8C-EB80FF8CCC97}.Debug|Any CPU.Build.0 = Debug|Any CPU
		{0CAC5A1B-D185-4B0C-9C8C-EB80FF8CCC97}.Release|Any CPU.ActiveCfg = Release|Any CPU
		{0CAC5A1B-D185-4B0C-9C8C-EB80FF8CCC97}.Release|Any CPU.Build.0 = Release|Any CPU
	EndGlobalSection
	GlobalSection(SolutionProperties) = preSolution
		HideSolutionNode = FALSE
	EndGlobalSection
	GlobalSection(ExtensibilityGlobals) = postSolution
		SolutionGuid = {7E04E896-9AD7-4B20-9EF3-B02902BDBC80}
	EndGlobalSection
EndGlobal
